
Microsoft Visual Studio Solution File, Format Version 12.00
# Visual Studio Version 17
VisualStudioVersion = 17.7.34024.191
MinimumVisualStudioVersion = 10.0.40219.1
Project("{FAE04EC0-301F-11D3-BF4B-00C04F79EFBC}") = "WebShopDunk", "lab1_test\WebShopDunk.csproj", "{01814838-8096-4BB8-869B-B80D5F037F07}"
EndProject
Global
	GlobalSection(SolutionConfigurationPlatforms) = preSolution
		Debug|Any CPU = Debug|Any CPU
		Release|Any CPU = Release|Any CPU
	EndGlobalSection
	GlobalSection(ProjectConfigurationPlatforms) = postSolution
		{01814838-8096-4BB8-869B-B80D5F037F07}.Debug|Any CPU.ActiveCfg = Debug|Any CPU
		{01814838-8096-4BB8-869B-B80D5F037F07}.Debug|Any CPU.Build.0 = Debug|Any CPU
		{01814838-8096-4BB8-869B-B80D5F037F07}.Release|Any CPU.ActiveCfg = Release|Any CPU
		{01814838-8096-4BB8-869B-B80D5F037F07}.Release|Any CPU.Build.0 = Release|Any CPU
	EndGlobalSection
	GlobalSection(SolutionProperties) = preSolution
		HideSolutionNode = FALSE
	EndGlobalSection
	GlobalSection(ExtensibilityGlobals) = postSolution
		SolutionGuid = {F68D0EC5-006B-416F-94BE-672AB59E35EF}
	EndGlobalSection
EndGlobal
